
Microsoft Visual Studio Solution File, Format Version 12.00
# Visual Studio Version 17
VisualStudioVersion = 17.9.34728.123
MinimumVisualStudioVersion = 10.0.40219.1
Project("{9A19103F-16F7-4668-BE54-9A1E7A4F7556}") = "AzureCosmosDB", "src\AzureCosmosDB\AzureCosmosDB.csproj", "{4B706B18-533A-49D9-8D24-B4E1A8CE2488}"
EndProject
Project("{9A19103F-16F7-4668-BE54-9A1E7A4F7556}") = "DatabasesBenchmarksComparation", "src\DatabasesBenchmarksComparation\DatabasesBenchmarksComparation.csproj", "{AF7F03D3-2ADB-492C-9C95-52D7270FCDFD}"
EndProject
Project("{FAE04EC0-301F-11D3-BF4B-00C04F79EFBC}") = "SqlServer", "src\SqlServer\SqlServer.csproj", "{ACACAECF-52DF-4C15-803E-B840F6578971}"
EndProject
Global
	GlobalSection(SolutionConfigurationPlatforms) = preSolution
		Debug|Any CPU = Debug|Any CPU
		Release|Any CPU = Release|Any CPU
	EndGlobalSection
	GlobalSection(ProjectConfigurationPlatforms) = postSolution
		{4B706B18-533A-49D9-8D24-B4E1A8CE2488}.Debug|Any CPU.ActiveCfg = Debug|Any CPU
		{4B706B18-533A-49D9-8D24-B4E1A8CE2488}.Debug|Any CPU.Build.0 = Debug|Any CPU
		{4B706B18-533A-49D9-8D24-B4E1A8CE2488}.Release|Any CPU.ActiveCfg = Release|Any CPU
		{4B706B18-533A-49D9-8D24-B4E1A8CE2488}.Release|Any CPU.Build.0 = Release|Any CPU
		{AF7F03D3-2ADB-492C-9C95-52D7270FCDFD}.Debug|Any CPU.ActiveCfg = Debug|Any CPU
		{AF7F03D3-2ADB-492C-9C95-52D7270FCDFD}.Debug|Any CPU.Build.0 = Debug|Any CPU
		{AF7F03D3-2ADB-492C-9C95-52D7270FCDFD}.Release|Any CPU.ActiveCfg = Release|Any CPU
		{AF7F03D3-2ADB-492C-9C95-52D7270FCDFD}.Release|Any CPU.Build.0 = Release|Any CPU
		{ACACAECF-52DF-4C15-803E-B840F6578971}.Debug|Any CPU.ActiveCfg = Debug|Any CPU
		{ACACAECF-52DF-4C15-803E-B840F6578971}.Debug|Any CPU.Build.0 = Debug|Any CPU
		{ACACAECF-52DF-4C15-803E-B840F6578971}.Release|Any CPU.ActiveCfg = Release|Any CPU
		{ACACAECF-52DF-4C15-803E-B840F6578971}.Release|Any CPU.Build.0 = Release|Any CPU
	EndGlobalSection
	GlobalSection(SolutionProperties) = preSolution
		HideSolutionNode = FALSE
	EndGlobalSection
	GlobalSection(ExtensibilityGlobals) = postSolution
		SolutionGuid = {1D5619AF-7EAA-4168-A92C-ABE41EF9752B}
	EndGlobalSection
EndGlobal
